{
  "name": "nozaki",
  "version": "1.1.0",
  "lockfileVersion": 1,
  "requires": true,
  "dependencies": {
    "nozaki-colors": {
      "version": "1.0.1",
      "resolved": "https://registry.npmjs.org/nozaki-colors/-/nozaki-colors-1.0.1.tgz",
      "integrity": "sha512-E4B9/j8uhYLl6KeQh8DMvovft+M5P9NVK6gvuJrvQ4zhx89i/z0dTjQH1zivjmSpRsdBVhx8fqW8YN2ArB5bCg=="
    }
  }
}
